
Microsoft Visual Studio Solution File, Format Version 12.00
# Visual Studio Version 16
VisualStudioVersion = 16.0.31019.35
MinimumVisualStudioVersion = 10.0.40219.1
Project("{9A19103F-16F7-4668-BE54-9A1E7A4F7556}") = "PipesAndFilter", "PerformTextAnalytics\PipesAndFilter.csproj", "{4C92C5A9-E695-40B9-A387-4C183F7B88D7}"
EndProject
Project("{9A19103F-16F7-4668-BE54-9A1E7A4F7556}") = "QueueMessageGenerator", "QueueMessageGenerator\QueueMessageGenerator.csproj", "{C1A30E2B-A758-488D-A207-57D13EA9735C}"
EndProject
Global
	GlobalSection(SolutionConfigurationPlatforms) = preSolution
		Debug|Any CPU = Debug|Any CPU
		Release|Any CPU = Release|Any CPU
	EndGlobalSection
	GlobalSection(ProjectConfigurationPlatforms) = postSolution
		{4C92C5A9-E695-40B9-A387-4C183F7B88D7}.Debug|Any CPU.ActiveCfg = Debug|Any CPU
		{4C92C5A9-E695-40B9-A387-4C183F7B88D7}.Debug|Any CPU.Build.0 = Debug|Any CPU
		{4C92C5A9-E695-40B9-A387-4C183F7B88D7}.Release|Any CPU.ActiveCfg = Release|Any CPU
		{4C92C5A9-E695-40B9-A387-4C183F7B88D7}.Release|Any CPU.Build.0 = Release|Any CPU
		{C1A30E2B-A758-488D-A207-57D13EA9735C}.Debug|Any CPU.ActiveCfg = Debug|Any CPU
		{C1A30E2B-A758-488D-A207-57D13EA9735C}.Debug|Any CPU.Build.0 = Debug|Any CPU
		{C1A30E2B-A758-488D-A207-57D13EA9735C}.Release|Any CPU.ActiveCfg = Release|Any CPU
		{C1A30E2B-A758-488D-A207-57D13EA9735C}.Release|Any CPU.Build.0 = Release|Any CPU
	EndGlobalSection
	GlobalSection(SolutionProperties) = preSolution
		HideSolutionNode = FALSE
	EndGlobalSection
	GlobalSection(ExtensibilityGlobals) = postSolution
		SolutionGuid = {0FCDC843-2236-43B4-B31A-2AD0ADD12D21}
	EndGlobalSection
EndGlobal
