
Microsoft Visual Studio Solution File, Format Version 12.00
# Visual Studio Version 16
VisualStudioVersion = 16.0.30711.63
MinimumVisualStudioVersion = 10.0.40219.1
Project("{FAE04EC0-301F-11D3-BF4B-00C04F79EFBC}") = "SoundFileProcessor", "SoundFileProcessor.csproj", "{FD25C7A9-3910-43C8-B54F-31563BB0C3B9}"
EndProject
Project("{FAE04EC0-301F-11D3-BF4B-00C04F79EFBC}") = "PerformTextAnalytics", "..\PerformTextAnalytics\PerformTextAnalytics.csproj", "{10329949-7375-4309-B6AF-D954AD03D738}"
EndProject
Project("{FAE04EC0-301F-11D3-BF4B-00C04F79EFBC}") = "QueueMessageGenerator", "..\QueueMessageGenerator\QueueMessageGenerator.csproj", "{7C9CFC60-8825-4DA2-B423-A65D5C56EC36}"
EndProject
Global
	GlobalSection(SolutionConfigurationPlatforms) = preSolution
		Debug|Any CPU = Debug|Any CPU
		Release|Any CPU = Release|Any CPU
	EndGlobalSection
	GlobalSection(ProjectConfigurationPlatforms) = postSolution
		{FD25C7A9-3910-43C8-B54F-31563BB0C3B9}.Debug|Any CPU.ActiveCfg = Debug|Any CPU
		{FD25C7A9-3910-43C8-B54F-31563BB0C3B9}.Debug|Any CPU.Build.0 = Debug|Any CPU
		{FD25C7A9-3910-43C8-B54F-31563BB0C3B9}.Release|Any CPU.ActiveCfg = Release|Any CPU
		{FD25C7A9-3910-43C8-B54F-31563BB0C3B9}.Release|Any CPU.Build.0 = Release|Any CPU
		{10329949-7375-4309-B6AF-D954AD03D738}.Debug|Any CPU.ActiveCfg = Debug|Any CPU
		{10329949-7375-4309-B6AF-D954AD03D738}.Debug|Any CPU.Build.0 = Debug|Any CPU
		{10329949-7375-4309-B6AF-D954AD03D738}.Release|Any CPU.ActiveCfg = Release|Any CPU
		{10329949-7375-4309-B6AF-D954AD03D738}.Release|Any CPU.Build.0 = Release|Any CPU
		{7C9CFC60-8825-4DA2-B423-A65D5C56EC36}.Debug|Any CPU.ActiveCfg = Debug|Any CPU
		{7C9CFC60-8825-4DA2-B423-A65D5C56EC36}.Debug|Any CPU.Build.0 = Debug|Any CPU
		{7C9CFC60-8825-4DA2-B423-A65D5C56EC36}.Release|Any CPU.ActiveCfg = Release|Any CPU
		{7C9CFC60-8825-4DA2-B423-A65D5C56EC36}.Release|Any CPU.Build.0 = Release|Any CPU
	EndGlobalSection
	GlobalSection(SolutionProperties) = preSolution
		HideSolutionNode = FALSE
	EndGlobalSection
	GlobalSection(ExtensibilityGlobals) = postSolution
		SolutionGuid = {20E9ED3E-C810-406F-A549-4B27E8013824}
	EndGlobalSection
EndGlobal
