
Microsoft Visual Studio Solution File, Format Version 12.00
# Visual Studio Version 16
VisualStudioVersion = 16.0.31019.35
MinimumVisualStudioVersion = 10.0.40219.1
Project("{FAE04EC0-301F-11D3-BF4B-00C04F79EFBC}") = "ValetKey", "ValetKey.csproj", "{618394DF-183F-4E78-BA3F-B4E8B21B669F}"
EndProject
Global
	GlobalSection(SolutionConfigurationPlatforms) = preSolution
		Debug|Any CPU = Debug|Any CPU
		Release|Any CPU = Release|Any CPU
	EndGlobalSection
	GlobalSection(ProjectConfigurationPlatforms) = postSolution
		{618394DF-183F-4E78-BA3F-B4E8B21B669F}.Debug|Any CPU.ActiveCfg = Debug|Any CPU
		{618394DF-183F-4E78-BA3F-B4E8B21B669F}.Debug|Any CPU.Build.0 = Debug|Any CPU
		{618394DF-183F-4E78-BA3F-B4E8B21B669F}.Release|Any CPU.ActiveCfg = Release|Any CPU
		{618394DF-183F-4E78-BA3F-B4E8B21B669F}.Release|Any CPU.Build.0 = Release|Any CPU
	EndGlobalSection
	GlobalSection(SolutionProperties) = preSolution
		HideSolutionNode = FALSE
	EndGlobalSection
	GlobalSection(ExtensibilityGlobals) = postSolution
		SolutionGuid = {51F1F367-1B73-4FC9-9C9A-6E88CAF377F5}
	EndGlobalSection
EndGlobal
